
Microsoft Visual Studio Solution File, Format Version 12.00
# Visual Studio Version 17
VisualStudioVersion = 17.8.34316.72
MinimumVisualStudioVersion = 10.0.40219.1
Project("{9A19103F-16F7-4668-BE54-9A1E7A4F7556}") = "API", "WebAPI\API.csproj", "{7D0171B5-4EC7-473F-8B30-15160FE73F4C}"
EndProject
Project("{9A19103F-16F7-4668-BE54-9A1E7A4F7556}") = "Domain", "Domain\Domain.csproj", "{CA16312D-B86B-463F-8CF9-FFF096C7CF81}"
EndProject
Project("{9A19103F-16F7-4668-BE54-9A1E7A4F7556}") = "Infrastructure", "Infrastructure\Infrastructure.csproj", "{E44472DC-CE51-4FC4-827C-139F3D39D021}"
EndProject
Project("{9A19103F-16F7-4668-BE54-9A1E7A4F7556}") = "Application", "Application\Application.csproj", "{C0A7975B-C318-452D-BACE-5D18E7BF1FBD}"
EndProject
Project("{9A19103F-16F7-4668-BE54-9A1E7A4F7556}") = "Repository", "Repository\Repository.csproj", "{3700C02F-537F-4A51-AA9C-2A326E486EC9}"
EndProject
Project("{FAE04EC0-301F-11D3-BF4B-00C04F79EFBC}") = "WebUI", "WebUI\WebUI.csproj", "{BDF1D4B4-24E8-4EF9-914B-A6C22A4257BE}"
EndProject
Global
	GlobalSection(SolutionConfigurationPlatforms) = preSolution
		Debug|Any CPU = Debug|Any CPU
		Release|Any CPU = Release|Any CPU
	EndGlobalSection
	GlobalSection(ProjectConfigurationPlatforms) = postSolution
		{7D0171B5-4EC7-473F-8B30-15160FE73F4C}.Debug|Any CPU.ActiveCfg = Debug|Any CPU
		{7D0171B5-4EC7-473F-8B30-15160FE73F4C}.Debug|Any CPU.Build.0 = Debug|Any CPU
		{7D0171B5-4EC7-473F-8B30-15160FE73F4C}.Release|Any CPU.ActiveCfg = Release|Any CPU
		{7D0171B5-4EC7-473F-8B30-15160FE73F4C}.Release|Any CPU.Build.0 = Release|Any CPU
		{CA16312D-B86B-463F-8CF9-FFF096C7CF81}.Debug|Any CPU.ActiveCfg = Debug|Any CPU
		{CA16312D-B86B-463F-8CF9-FFF096C7CF81}.Debug|Any CPU.Build.0 = Debug|Any CPU
		{CA16312D-B86B-463F-8CF9-FFF096C7CF81}.Release|Any CPU.ActiveCfg = Release|Any CPU
		{CA16312D-B86B-463F-8CF9-FFF096C7CF81}.Release|Any CPU.Build.0 = Release|Any CPU
		{E44472DC-CE51-4FC4-827C-139F3D39D021}.Debug|Any CPU.ActiveCfg = Debug|Any CPU
		{E44472DC-CE51-4FC4-827C-139F3D39D021}.Debug|Any CPU.Build.0 = Debug|Any CPU
		{E44472DC-CE51-4FC4-827C-139F3D39D021}.Release|Any CPU.ActiveCfg = Release|Any CPU
		{E44472DC-CE51-4FC4-827C-139F3D39D021}.Release|Any CPU.Build.0 = Release|Any CPU
		{C0A7975B-C318-452D-BACE-5D18E7BF1FBD}.Debug|Any CPU.ActiveCfg = Debug|Any CPU
		{C0A7975B-C318-452D-BACE-5D18E7BF1FBD}.Debug|Any CPU.Build.0 = Debug|Any CPU
		{C0A7975B-C318-452D-BACE-5D18E7BF1FBD}.Release|Any CPU.ActiveCfg = Release|Any CPU
		{C0A7975B-C318-452D-BACE-5D18E7BF1FBD}.Release|Any CPU.Build.0 = Release|Any CPU
		{3700C02F-537F-4A51-AA9C-2A326E486EC9}.Debug|Any CPU.ActiveCfg = Debug|Any CPU
		{3700C02F-537F-4A51-AA9C-2A326E486EC9}.Debug|Any CPU.Build.0 = Debug|Any CPU
		{3700C02F-537F-4A51-AA9C-2A326E486EC9}.Release|Any CPU.ActiveCfg = Release|Any CPU
		{3700C02F-537F-4A51-AA9C-2A326E486EC9}.Release|Any CPU.Build.0 = Release|Any CPU
		{BDF1D4B4-24E8-4EF9-914B-A6C22A4257BE}.Debug|Any CPU.ActiveCfg = Debug|Any CPU
		{BDF1D4B4-24E8-4EF9-914B-A6C22A4257BE}.Debug|Any CPU.Build.0 = Debug|Any CPU
		{BDF1D4B4-24E8-4EF9-914B-A6C22A4257BE}.Release|Any CPU.ActiveCfg = Release|Any CPU
		{BDF1D4B4-24E8-4EF9-914B-A6C22A4257BE}.Release|Any CPU.Build.0 = Release|Any CPU
	EndGlobalSection
	GlobalSection(SolutionProperties) = preSolution
		HideSolutionNode = FALSE
	EndGlobalSection
	GlobalSection(ExtensibilityGlobals) = postSolution
		SolutionGuid = {33E41469-55A1-4616-99D3-FD1169051060}
	EndGlobalSection
EndGlobal
